// !$*UTF8*$!
{
	archiveVersion = 1;
	classes = {
	};
	objectVersion = 46;
	objects = {

/* Begin PBXBuildFile section */
		41551FC61F76B2CB00D147FA /* AppDelegate.swift in Sources */ = {isa = PBXBuildFile; fileRef = 41551FC51F76B2CB00D147FA /* AppDelegate.swift */; };
		41551FC81F76B2CB00D147FA /* ViewController.swift in Sources */ = {isa = PBXBuildFile; fileRef = 41551FC71F76B2CB00D147FA /* ViewController.swift */; };
		41551FCA1F76B2CB00D147FA /* Assets.xcassets in Resources */ = {isa = PBXBuildFile; fileRef = 41551FC91F76B2CB00D147FA /* Assets.xcassets */; };
		41551FCD1F76B2CB00D147FA /* Main.storyboard in Resources */ = {isa = PBXBuildFile; fileRef = 41551FCB1F76B2CB00D147FA /* Main.storyboard */; };
		41551FD41F76D16400D147FA /* Info.plist in Resources */ = {isa = PBXBuildFile; fileRef = 41551FCE1F76B2CB00D147FA /* Info.plist */; };
		415E39BD1F78036700CBAA4D /* TweetGramItem.swift in Sources */ = {isa = PBXBuildFile; fileRef = 415E39BB1F78036700CBAA4D /* TweetGramItem.swift */; };
		415E39BE1F78036700CBAA4D /* TweetGramItem.xib in Resources */ = {isa = PBXBuildFile; fileRef = 415E39BC1F78036700CBAA4D /* TweetGramItem.xib */; };
		50E64DE2A3F169A7683A021F /* Pods_Tweet_gram.framework in Frameworks */ = {isa = PBXBuildFile; fileRef = 6221ED6DED42904F1BAA9F61 /* Pods_Tweet_gram.framework */; };
/* End PBXBuildFile section */

/* Begin PBXFileReference section */
		41551FC21F76B2CB00D147FA /* Tweet-gram.app */ = {isa = PBXFileReference; explicitFileType = wrapper.application; includeInIndex = 0; path = "Tweet-gram.app"; sourceTree = BUILT_PRODUCTS_DIR; };
		41551FC51F76B2CB00D147FA /* AppDelegate.swift */ = {isa = PBXFileReference; lastKnownFileType = sourcecode.swift; path = AppDelegate.swift; sourceTree = "<group>"; };
		41551FC71F76B2CB00D147FA /* ViewController.swift */ = {isa = PBXFileReference; lastKnownFileType = sourcecode.swift; path = ViewController.swift; sourceTree = "<group>"; };
		41551FC91F76B2CB00D147FA /* Assets.xcassets */ = {isa = PBXFileReference; lastKnownFileType = folder.assetcatalog; path = Assets.xcassets; sourceTree = "<group>"; };
		41551FCC1F76B2CB00D147FA /* Base */ = {isa = PBXFileReference; lastKnownFileType = file.storyboard; name = Base; path = Base.lproj/Main.storyboard; sourceTree = "<group>"; };
		41551FCE1F76B2CB00D147FA /* Info.plist */ = {isa = PBXFileReference; lastKnownFileType = text.plist.xml; path = Info.plist; sourceTree = "<group>"; };
		415E39BB1F78036700CBAA4D /* TweetGramItem.swift */ = {isa = PBXFileReference; fileEncoding = 4; lastKnownFileType = sourcecode.swift; path = TweetGramItem.swift; sourceTree = "<group>"; };
		415E39BC1F78036700CBAA4D /* TweetGramItem.xib */ = {isa = PBXFileReference; fileEncoding = 4; lastKnownFileType = file.xib; path = TweetGramItem.xib; sourceTree = "<group>"; };
		6221ED6DED42904F1BAA9F61 /* Pods_Tweet_gram.framework */ = {isa = PBXFileReference; explicitFileType = wrapper.framework; includeInIndex = 0; path = Pods_Tweet_gram.framework; sourceTree = BUILT_PRODUCTS_DIR; };
		89602A46BBD4244CC911112A /* Pods-Tweet-gram.release.xcconfig */ = {isa = PBXFileReference; includeInIndex = 1; lastKnownFileType = text.xcconfig; name = "Pods-Tweet-gram.release.xcconfig"; path = "Pods/Target Support Files/Pods-Tweet-gram/Pods-Tweet-gram.release.xcconfig"; sourceTree = "<group>"; };
		A31622B32312CA126D2C29D0 /* Pods-Tweet-gram.debug.xcconfig */ = {isa = PBXFileReference; includeInIndex = 1; lastKnownFileType = text.xcconfig; name = "Pods-Tweet-gram.debug.xcconfig"; path = "Pods/Target Support Files/Pods-Tweet-gram/Pods-Tweet-gram.debug.xcconfig"; sourceTree = "<group>"; };
/* End PBXFileReference section */

/* Begin PBXFrameworksBuildPhase section */
		41551FBF1F76B2CA00D147FA /* Frameworks */ = {
			isa = PBXFrameworksBuildPhase;
			buildActionMask = 2147483647;
			files = (
				50E64DE2A3F169A7683A021F /* Pods_Tweet_gram.framework in Frameworks */,
			);
			runOnlyForDeploymentPostprocessing = 0;
		};
/* End PBXFrameworksBuildPhase section */

/* Begin PBXGroup section */
		41551FB91F76B2CA00D147FA = {
			isa = PBXGroup;
			children = (
				41551FC41F76B2CB00D147FA /* Tweet-gram */,
				41551FC31F76B2CB00D147FA /* Products */,
				681186499326752629909060 /* Pods */,
				AE32723D106C232BDEA2E844 /* Frameworks */,
			);
			sourceTree = "<group>";
		};
		41551FC31F76B2CB00D147FA /* Products */ = {
			isa = PBXGroup;
			children = (
				41551FC21F76B2CB00D147FA /* Tweet-gram.app */,
			);
			name = Products;
			sourceTree = "<group>";
		};
		41551FC41F76B2CB00D147FA /* Tweet-gram */ = {
			isa = PBXGroup;
			children = (
				41551FC51F76B2CB00D147FA /* AppDelegate.swift */,
				41551FC71F76B2CB00D147FA /* ViewController.swift */,
				415E39BB1F78036700CBAA4D /* TweetGramItem.swift */,
				415E39BC1F78036700CBAA4D /* TweetGramItem.xib */,
				41551FC91F76B2CB00D147FA /* Assets.xcassets */,
				41551FCB1F76B2CB00D147FA /* Main.storyboard */,
				41551FCE1F76B2CB00D147FA /* Info.plist */,
			);
			path = "Tweet-gram";
			sourceTree = "<group>";
		};
		681186499326752629909060 /* Pods */ = {
			isa = PBXGroup;
			children = (
				A31622B32312CA126D2C29D0 /* Pods-Tweet-gram.debug.xcconfig */,
				89602A46BBD4244CC911112A /* Pods-Tweet-gram.release.xcconfig */,
			);
			name = Pods;
			sourceTree = "<group>";
		};
		AE32723D106C232BDEA2E844 /* Frameworks */ = {
			isa = PBXGroup;
			children = (
				6221ED6DED42904F1BAA9F61 /* Pods_Tweet_gram.framework */,
			);
			name = Frameworks;
			sourceTree = "<group>";
		};
/* End PBXGroup section */

/* Begin PBXNativeTarget section */
		41551FC11F76B2CA00D147FA /* Tweet-gram */ = {
			isa = PBXNativeTarget;
			buildConfigurationList = 41551FD11F76B2CB00D147FA /* Build configuration list for PBXNativeTarget "Tweet-gram" */;
			buildPhases = (
				3A698DB80342874EF4F88BC1 /* [CP] Check Pods Manifest.lock */,
				41551FBE1F76B2CA00D147FA /* Sources */,
				41551FBF1F76B2CA00D147FA /* Frameworks */,
				41551FC01F76B2CA00D147FA /* Resources */,
				CA4974D1B3F9E5D946730BE3 /* [CP] Embed Pods Frameworks */,
				11B5488683269CDC71E03538 /* [CP] Copy Pods Resources */,
			);
			buildRules = (
			);
			dependencies = (
			);
			name = "Tweet-gram";
			productName = "Tweet-gram";
			productReference = 41551FC21F76B2CB00D147FA /* Tweet-gram.app */;
			productType = "com.apple.product-type.application";
		};
/* End PBXNativeTarget section */

/* Begin PBXProject section */
		41551FBA1F76B2CA00D147FA /* Project object */ = {
			isa = PBXProject;
			attributes = {
				LastSwiftUpdateCheck = 0830;
				LastUpgradeCheck = 0830;
				ORGANIZATIONNAME = vetDevHouse;
				TargetAttributes = {
					41551FC11F76B2CA00D147FA = {
						CreatedOnToolsVersion = 8.3.3;
						DevelopmentTeam = 56F54J4H3N;
						ProvisioningStyle = Automatic;
					};
				};
			};
			buildConfigurationList = 41551FBD1F76B2CA00D147FA /* Build configuration list for PBXProject "Tweet-gram" */;
			compatibilityVersion = "Xcode 3.2";
			developmentRegion = English;
			hasScannedForEncodings = 0;
			knownRegions = (
				en,
				Base,
			);
			mainGroup = 41551FB91F76B2CA00D147FA;
			productRefGroup = 41551FC31F76B2CB00D147FA /* Products */;
			projectDirPath = "";
			projectRoot = "";
			targets = (
				41551FC11F76B2CA00D147FA /* Tweet-gram */,
			);
		};
/* End PBXProject section */

/* Begin PBXResourcesBuildPhase section */
		41551FC01F76B2CA00D147FA /* Resources */ = {
			isa = PBXResourcesBuildPhase;
			buildActionMask = 2147483647;
			files = (
				41551FCA1F76B2CB00D147FA /* Assets.xcassets in Resources */,
				415E39BE1F78036700CBAA4D /* TweetGramItem.xib in Resources */,
				41551FCD1F76B2CB00D147FA /* Main.storyboard in Resources */,
				41551FD41F76D16400D147FA /* Info.plist in Resources */,
			);
			runOnlyForDeploymentPostprocessing = 0;
		};
/* End PBXResourcesBuildPhase section */

/* Begin PBXShellScriptBuildPhase section */
		11B5488683269CDC71E03538 /* [CP] Copy Pods Resources */ = {
			isa = PBXShellScriptBuildPhase;
			buildActionMask = 2147483647;
			files = (
			);
			inputPaths = (
			);
			name = "[CP] Copy Pods Resources";
			outputPaths = (
			);
			runOnlyForDeploymentPostprocessing = 0;
			shellPath = /bin/sh;
			shellScript = "\"${SRCROOT}/Pods/Target Support Files/Pods-Tweet-gram/Pods-Tweet-gram-resources.sh\"\n";
			showEnvVarsInLog = 0;
		};
		3A698DB80342874EF4F88BC1 /* [CP] Check Pods Manifest.lock */ = {
			isa = PBXShellScriptBuildPhase;
			buildActionMask = 2147483647;
			files = (
			);
			inputPaths = (
			);
			name = "[CP] Check Pods Manifest.lock";
			outputPaths = (
			);
			runOnlyForDeploymentPostprocessing = 0;
			shellPath = /bin/sh;
			shellScript = "diff \"${PODS_ROOT}/../Podfile.lock\" \"${PODS_ROOT}/Manifest.lock\" > /dev/null\nif [ $? != 0 ] ; then\n    # print error to STDERR\n    echo \"error: The sandbox is not in sync with the Podfile.lock. Run 'pod install' or update your CocoaPods installation.\" >&2\n    exit 1\nfi\n";
			showEnvVarsInLog = 0;
		};
		CA4974D1B3F9E5D946730BE3 /* [CP] Embed Pods Frameworks */ = {
			isa = PBXShellScriptBuildPhase;
			buildActionMask = 2147483647;
			files = (
			);
			inputPaths = (
			);
			name = "[CP] Embed Pods Frameworks";
			outputPaths = (
			);
			runOnlyForDeploymentPostprocessing = 0;
			shellPath = /bin/sh;
			shellScript = "\"${SRCROOT}/Pods/Target Support Files/Pods-Tweet-gram/Pods-Tweet-gram-frameworks.sh\"\n";
			showEnvVarsInLog = 0;
		};
/* End PBXShellScriptBuildPhase section */

/* Begin PBXSourcesBuildPhase section */
		41551FBE1F76B2CA00D147FA /* Sources */ = {
			isa = PBXSourcesBuildPhase;
			buildActionMask = 2147483647;
			files = (
				41551FC81F76B2CB00D147FA /* ViewController.swift in Sources */,
				41551FC61F76B2CB00D147FA /* AppDelegate.swift in Sources */,
				415E39BD1F78036700CBAA4D /* TweetGramItem.swift in Sources */,
			);
			runOnlyForDeploymentPostprocessing = 0;
		};
/* End PBXSourcesBuildPhase section */

/* Begin PBXVariantGroup section */
		41551FCB1F76B2CB00D147FA /* Main.storyboard */ = {
			isa = PBXVariantGroup;
			children = (
				41551FCC1F76B2CB00D147FA /* Base */,
			);
			name = Main.storyboard;
			sourceTree = "<group>";
		};
/* End PBXVariantGroup section */

/* Begin XCBuildConfiguration section */
		41551FCF1F76B2CB00D147FA /* Debug */ = {
			isa = XCBuildConfiguration;
			buildSettings = {
				ALWAYS_SEARCH_USER_PATHS = NO;
				CLANG_ANALYZER_NONNULL = YES;
				CLANG_ANALYZER_NUMBER_OBJECT_CONVERSION = YES_AGGRESSIVE;
				CLANG_CXX_LANGUAGE_STANDARD = "gnu++0x";
				CLANG_CXX_LIBRARY = "libc++";
				CLANG_ENABLE_MODULES = YES;
				CLANG_ENABLE_OBJC_ARC = YES;
				CLANG_WARN_BOOL_CONVERSION = YES;
				CLANG_WARN_CONSTANT_CONVERSION = YES;
				CLANG_WARN_DIRECT_OBJC_ISA_USAGE = YES_ERROR;
				CLANG_WARN_DOCUMENTATION_COMMENTS = YES;
				CLANG_WARN_EMPTY_BODY = YES;
				CLANG_WARN_ENUM_CONVERSION = YES;
				CLANG_WARN_INFINITE_RECURSION = YES;
				CLANG_WARN_INT_CONVERSION = YES;
				CLANG_WARN_OBJC_ROOT_CLASS = YES_ERROR;
				CLANG_WARN_SUSPICIOUS_MOVE = YES;
				CLANG_WARN_UNREACHABLE_CODE = YES;
				CLANG_WARN__DUPLICATE_METHOD_MATCH = YES;
				CODE_SIGN_IDENTITY = "-";
				COPY_PHASE_STRIP = NO;
				DEBUG_INFORMATION_FORMAT = dwarf;
				ENABLE_STRICT_OBJC_MSGSEND = YES;
				ENABLE_TESTABILITY = YES;
				GCC_C_LANGUAGE_STANDARD = gnu99;
				GCC_DYNAMIC_NO_PIC = NO;
				GCC_NO_COMMON_BLOCKS = YES;
				GCC_OPTIMIZATION_LEVEL = 0;
				GCC_PREPROCESSOR_DEFINITIONS = (
					"DEBUG=1",
					"$(inherited)",
				);
				GCC_WARN_64_TO_32_BIT_CONVERSION = YES;
				GCC_WARN_ABOUT_RETURN_TYPE = YES_ERROR;
				GCC_WARN_UNDECLARED_SELECTOR = YES;
				GCC_WARN_UNINITIALIZED_AUTOS = YES_AGGRESSIVE;
				GCC_WARN_UNUSED_FUNCTION = YES;
				GCC_WARN_UNUSED_VARIABLE = YES;
				MACOSX_DEPLOYMENT_TARGET = 10.12;
				MTL_ENABLE_DEBUG_INFO = YES;
				ONLY_ACTIVE_ARCH = YES;
				SDKROOT = macosx;
				SWIFT_ACTIVE_COMPILATION_CONDITIONS = DEBUG;
				SWIFT_OPTIMIZATION_LEVEL = "-Onone";
			};
			name = Debug;
		};
		41551FD01F76B2CB00D147FA /* Release */ = {
			isa = XCBuildConfiguration;
			buildSettings = {
				ALWAYS_SEARCH_USER_PATHS = NO;
				CLANG_ANALYZER_NONNULL = YES;
				CLANG_ANALYZER_NUMBER_OBJECT_CONVERSION = YES_AGGRESSIVE;
				CLANG_CXX_LANGUAGE_STANDARD = "gnu++0x";
				CLANG_CXX_LIBRARY = "libc++";
				CLANG_ENABLE_MODULES = YES;
				CLANG_ENABLE_OBJC_ARC = YES;
				CLANG_WARN_BOOL_CONVERSION = YES;
				CLANG_WARN_CONSTANT_CONVERSION = YES;
				CLANG_WARN_DIRECT_OBJC_ISA_USAGE = YES_ERROR;
				CLANG_WARN_DOCUMENTATION_COMMENTS = YES;
				CLANG_WARN_EMPTY_BODY = YES;
				CLANG_WARN_ENUM_CONVERSION = YES;
				CLANG_WARN_INFINITE_RECURSION = YES;
				CLANG_WARN_INT_CONVERSION = YES;
				CLANG_WARN_OBJC_ROOT_CLASS = YES_ERROR;
				CLANG_WARN_SUSPICIOUS_MOVE = YES;
				CLANG_WARN_UNREACHABLE_CODE = YES;
				CLANG_WARN__DUPLICATE_METHOD_MATCH = YES;
				CODE_SIGN_IDENTITY = "-";
				COPY_PHASE_STRIP = NO;
				DEBUG_INFORMATION_FORMAT = "dwarf-with-dsym";
				ENABLE_NS_ASSERTIONS = NO;
				ENABLE_STRICT_OBJC_MSGSEND = YES;
				GCC_C_LANGUAGE_STANDARD = gnu99;
				GCC_NO_COMMON_BLOCKS = YES;
				GCC_WARN_64_TO_32_BIT_CONVERSION = YES;
				GCC_WARN_ABOUT_RETURN_TYPE = YES_ERROR;
				GCC_WARN_UNDECLARED_SELECTOR = YES;
				GCC_WARN_UNINITIALIZED_AUTOS = YES_AGGRESSIVE;
				GCC_WARN_UNUSED_FUNCTION = YES;
				GCC_WARN_UNUSED_VARIABLE = YES;
				MACOSX_DEPLOYMENT_TARGET = 10.12;
				MTL_ENABLE_DEBUG_INFO = NO;
				SDKROOT = macosx;
				SWIFT_OPTIMIZATION_LEVEL = "-Owholemodule";
			};
			name = Release;
		};
		41551FD21F76B2CB00D147FA /* Debug */ = {
			isa = XCBuildConfiguration;
			baseConfigurationReference = A31622B32312CA126D2C29D0 /* Pods-Tweet-gram.debug.xcconfig */;
			buildSettings = {
				ASSETCATALOG_COMPILER_APPICON_NAME = AppIcon;
				COMBINE_HIDPI_IMAGES = YES;
				DEVELOPMENT_TEAM = 56F54J4H3N;
				INFOPLIST_FILE = "Tweet-gram/Info.plist";
				LD_RUNPATH_SEARCH_PATHS = "$(inherited) @executable_path/../Frameworks";
				PRODUCT_BUNDLE_IDENTIFIER = "com.vetDevHouse.Tweet-gram";
				PRODUCT_NAME = "$(TARGET_NAME)";
				SWIFT_VERSION = 3.0;
			};
			name = Debug;
		};
		41551FD31F76B2CB00D147FA /* Release */ = {
			isa = XCBuildConfiguration;
			baseConfigurationReference = 89602A46BBD4244CC911112A /* Pods-Tweet-gram.release.xcconfig */;
			buildSettings = {
				ASSETCATALOG_COMPILER_APPICON_NAME = AppIcon;
				COMBINE_HIDPI_IMAGES = YES;
				DEVELOPMENT_TEAM = 56F54J4H3N;
				INFOPLIST_FILE = "Tweet-gram/Info.plist";
				LD_RUNPATH_SEARCH_PATHS = "$(inherited) @executable_path/../Frameworks";
				PRODUCT_BUNDLE_IDENTIFIER = "com.vetDevHouse.Tweet-gram";
				PRODUCT_NAME = "$(TARGET_NAME)";
				SWIFT_VERSION = 3.0;
			};
			name = Release;
		};
/* End XCBuildConfiguration section */

/* Begin XCConfigurationList section */
		41551FBD1F76B2CA00D147FA /* Build configuration list for PBXProject "Tweet-gram" */ = {
			isa = XCConfigurationList;
			buildConfigurations = (
				41551FCF1F76B2CB00D147FA /* Debug */,
				41551FD01F76B2CB00D147FA /* Release */,
			);
			defaultConfigurationIsVisible = 0;
			defaultConfigurationName = Release;
		};
		41551FD11F76B2CB00D147FA /* Build configuration list for PBXNativeTarget "Tweet-gram" */ = {
			isa = XCConfigurationList;
			buildConfigurations = (
				41551FD21F76B2CB00D147FA /* Debug */,
				41551FD31F76B2CB00D147FA /* Release */,
			);
			defaultConfigurationIsVisible = 0;
			defaultConfigurationName = Release;
		};
/* End XCConfigurationList section */
	};
	rootObject = 41551FBA1F76B2CA00D147FA /* Project object */;
}
