// !$*UTF8*$!
{
	archiveVersion = 1;
	classes = {
	};
	objectVersion = 48;
	objects = {

/* Begin PBXBuildFile section */
		4185770B1F71C8CD00B78D78 /* AppDelegate.swift in Sources */ = {isa = PBXBuildFile; fileRef = 4185770A1F71C8CD00B78D78 /* AppDelegate.swift */; };
		4185770D1F71C8CD00B78D78 /* ViewController.swift in Sources */ = {isa = PBXBuildFile; fileRef = 4185770C1F71C8CD00B78D78 /* ViewController.swift */; };
		4185770F1F71C8CD00B78D78 /* Assets.xcassets in Resources */ = {isa = PBXBuildFile; fileRef = 4185770E1F71C8CD00B78D78 /* Assets.xcassets */; };
		418577121F71C8CD00B78D78 /* Main.storyboard in Resources */ = {isa = PBXBuildFile; fileRef = 418577101F71C8CD00B78D78 /* Main.storyboard */; };
/* End PBXBuildFile section */

/* Begin PBXFileReference section */
		418577071F71C8CD00B78D78 /* Link-It.app */ = {isa = PBXFileReference; explicitFileType = wrapper.application; includeInIndex = 0; path = "Link-It.app"; sourceTree = BUILT_PRODUCTS_DIR; };
		4185770A1F71C8CD00B78D78 /* AppDelegate.swift */ = {isa = PBXFileReference; lastKnownFileType = sourcecode.swift; path = AppDelegate.swift; sourceTree = "<group>"; };
		4185770C1F71C8CD00B78D78 /* ViewController.swift */ = {isa = PBXFileReference; lastKnownFileType = sourcecode.swift; path = ViewController.swift; sourceTree = "<group>"; };
		4185770E1F71C8CD00B78D78 /* Assets.xcassets */ = {isa = PBXFileReference; lastKnownFileType = folder.assetcatalog; path = Assets.xcassets; sourceTree = "<group>"; };
		418577111F71C8CD00B78D78 /* Base */ = {isa = PBXFileReference; lastKnownFileType = file.storyboard; name = Base; path = Base.lproj/Main.storyboard; sourceTree = "<group>"; };
		418577131F71C8CD00B78D78 /* Info.plist */ = {isa = PBXFileReference; lastKnownFileType = text.plist.xml; path = Info.plist; sourceTree = "<group>"; };
		418577141F71C8CD00B78D78 /* Link_It.entitlements */ = {isa = PBXFileReference; lastKnownFileType = text.plist.entitlements; path = Link_It.entitlements; sourceTree = "<group>"; };
/* End PBXFileReference section */

/* Begin PBXFrameworksBuildPhase section */
		418577041F71C8CD00B78D78 /* Frameworks */ = {
			isa = PBXFrameworksBuildPhase;
			buildActionMask = 2147483647;
			files = (
			);
			runOnlyForDeploymentPostprocessing = 0;
		};
/* End PBXFrameworksBuildPhase section */

/* Begin PBXGroup section */
		418576FE1F71C8CD00B78D78 = {
			isa = PBXGroup;
			children = (
				418577091F71C8CD00B78D78 /* Link-It */,
				418577081F71C8CD00B78D78 /* Products */,
			);
			sourceTree = "<group>";
		};
		418577081F71C8CD00B78D78 /* Products */ = {
			isa = PBXGroup;
			children = (
				418577071F71C8CD00B78D78 /* Link-It.app */,
			);
			name = Products;
			sourceTree = "<group>";
		};
		418577091F71C8CD00B78D78 /* Link-It */ = {
			isa = PBXGroup;
			children = (
				4185770A1F71C8CD00B78D78 /* AppDelegate.swift */,
				4185770C1F71C8CD00B78D78 /* ViewController.swift */,
				4185770E1F71C8CD00B78D78 /* Assets.xcassets */,
				418577101F71C8CD00B78D78 /* Main.storyboard */,
				418577131F71C8CD00B78D78 /* Info.plist */,
				418577141F71C8CD00B78D78 /* Link_It.entitlements */,
			);
			path = "Link-It";
			sourceTree = "<group>";
		};
/* End PBXGroup section */

/* Begin PBXNativeTarget section */
		418577061F71C8CD00B78D78 /* Link-It */ = {
			isa = PBXNativeTarget;
			buildConfigurationList = 418577171F71C8CD00B78D78 /* Build configuration list for PBXNativeTarget "Link-It" */;
			buildPhases = (
				418577031F71C8CD00B78D78 /* Sources */,
				418577041F71C8CD00B78D78 /* Frameworks */,
				418577051F71C8CD00B78D78 /* Resources */,
			);
			buildRules = (
			);
			dependencies = (
			);
			name = "Link-It";
			productName = "Link-It";
			productReference = 418577071F71C8CD00B78D78 /* Link-It.app */;
			productType = "com.apple.product-type.application";
		};
/* End PBXNativeTarget section */

/* Begin PBXProject section */
		418576FF1F71C8CD00B78D78 /* Project object */ = {
			isa = PBXProject;
			attributes = {
				LastSwiftUpdateCheck = 0900;
				LastUpgradeCheck = 0900;
				ORGANIZATIONNAME = vetDevHouse;
				TargetAttributes = {
					418577061F71C8CD00B78D78 = {
						CreatedOnToolsVersion = 9.0;
					};
				};
			};
			buildConfigurationList = 418577021F71C8CD00B78D78 /* Build configuration list for PBXProject "Link-It" */;
			compatibilityVersion = "Xcode 8.0";
			developmentRegion = en;
			hasScannedForEncodings = 0;
			knownRegions = (
				en,
				Base,
			);
			mainGroup = 418576FE1F71C8CD00B78D78;
			productRefGroup = 418577081F71C8CD00B78D78 /* Products */;
			projectDirPath = "";
			projectRoot = "";
			targets = (
				418577061F71C8CD00B78D78 /* Link-It */,
			);
		};
/* End PBXProject section */

/* Begin PBXResourcesBuildPhase section */
		418577051F71C8CD00B78D78 /* Resources */ = {
			isa = PBXResourcesBuildPhase;
			buildActionMask = 2147483647;
			files = (
				4185770F1F71C8CD00B78D78 /* Assets.xcassets in Resources */,
				418577121F71C8CD00B78D78 /* Main.storyboard in Resources */,
			);
			runOnlyForDeploymentPostprocessing = 0;
		};
/* End PBXResourcesBuildPhase section */

/* Begin PBXSourcesBuildPhase section */
		418577031F71C8CD00B78D78 /* Sources */ = {
			isa = PBXSourcesBuildPhase;
			buildActionMask = 2147483647;
			files = (
				4185770D1F71C8CD00B78D78 /* ViewController.swift in Sources */,
				4185770B1F71C8CD00B78D78 /* AppDelegate.swift in Sources */,
			);
			runOnlyForDeploymentPostprocessing = 0;
		};
/* End PBXSourcesBuildPhase section */

/* Begin PBXVariantGroup section */
		418577101F71C8CD00B78D78 /* Main.storyboard */ = {
			isa = PBXVariantGroup;
			children = (
				418577111F71C8CD00B78D78 /* Base */,
			);
			name = Main.storyboard;
			sourceTree = "<group>";
		};
/* End PBXVariantGroup section */

/* Begin XCBuildConfiguration section */
		418577151F71C8CD00B78D78 /* Debug */ = {
			isa = XCBuildConfiguration;
			buildSettings = {
				ALWAYS_SEARCH_USER_PATHS = NO;
				CLANG_ANALYZER_NONNULL = YES;
				CLANG_ANALYZER_NUMBER_OBJECT_CONVERSION = YES_AGGRESSIVE;
				CLANG_CXX_LANGUAGE_STANDARD = "gnu++14";
				CLANG_CXX_LIBRARY = "libc++";
				CLANG_ENABLE_MODULES = YES;
				CLANG_ENABLE_OBJC_ARC = YES;
				CLANG_WARN_BLOCK_CAPTURE_AUTORELEASING = YES;
				CLANG_WARN_BOOL_CONVERSION = YES;
				CLANG_WARN_COMMA = YES;
				CLANG_WARN_CONSTANT_CONVERSION = YES;
				CLANG_WARN_DIRECT_OBJC_ISA_USAGE = YES_ERROR;
				CLANG_WARN_DOCUMENTATION_COMMENTS = YES;
				CLANG_WARN_EMPTY_BODY = YES;
				CLANG_WARN_ENUM_CONVERSION = YES;
				CLANG_WARN_INFINITE_RECURSION = YES;
				CLANG_WARN_INT_CONVERSION = YES;
				CLANG_WARN_NON_LITERAL_NULL_CONVERSION = YES;
				CLANG_WARN_OBJC_LITERAL_CONVERSION = YES;
				CLANG_WARN_OBJC_ROOT_CLASS = YES_ERROR;
				CLANG_WARN_RANGE_LOOP_ANALYSIS = YES;
				CLANG_WARN_STRICT_PROTOTYPES = YES;
				CLANG_WARN_SUSPICIOUS_MOVE = YES;
				CLANG_WARN_UNGUARDED_AVAILABILITY = YES_AGGRESSIVE;
				CLANG_WARN_UNREACHABLE_CODE = YES;
				CLANG_WARN__DUPLICATE_METHOD_MATCH = YES;
				CODE_SIGN_IDENTITY = "Mac Developer";
				COPY_PHASE_STRIP = NO;
				DEBUG_INFORMATION_FORMAT = dwarf;
				ENABLE_STRICT_OBJC_MSGSEND = YES;
				ENABLE_TESTABILITY = YES;
				GCC_C_LANGUAGE_STANDARD = gnu11;
				GCC_DYNAMIC_NO_PIC = NO;
				GCC_NO_COMMON_BLOCKS = YES;
				GCC_OPTIMIZATION_LEVEL = 0;
				GCC_PREPROCESSOR_DEFINITIONS = (
					"DEBUG=1",
					"$(inherited)",
				);
				GCC_WARN_64_TO_32_BIT_CONVERSION = YES;
				GCC_WARN_ABOUT_RETURN_TYPE = YES_ERROR;
				GCC_WARN_UNDECLARED_SELECTOR = YES;
				GCC_WARN_UNINITIALIZED_AUTOS = YES_AGGRESSIVE;
				GCC_WARN_UNUSED_FUNCTION = YES;
				GCC_WARN_UNUSED_VARIABLE = YES;
				MACOSX_DEPLOYMENT_TARGET = 10.12;
				MTL_ENABLE_DEBUG_INFO = YES;
				ONLY_ACTIVE_ARCH = YES;
				SDKROOT = macosx;
				SWIFT_ACTIVE_COMPILATION_CONDITIONS = DEBUG;
				SWIFT_OPTIMIZATION_LEVEL = "-Onone";
			};
			name = Debug;
		};
		418577161F71C8CD00B78D78 /* Release */ = {
			isa = XCBuildConfiguration;
			buildSettings = {
				ALWAYS_SEARCH_USER_PATHS = NO;
				CLANG_ANALYZER_NONNULL = YES;
				CLANG_ANALYZER_NUMBER_OBJECT_CONVERSION = YES_AGGRESSIVE;
				CLANG_CXX_LANGUAGE_STANDARD = "gnu++14";
				CLANG_CXX_LIBRARY = "libc++";
				CLANG_ENABLE_MODULES = YES;
				CLANG_ENABLE_OBJC_ARC = YES;
				CLANG_WARN_BLOCK_CAPTURE_AUTORELEASING = YES;
				CLANG_WARN_BOOL_CONVERSION = YES;
				CLANG_WARN_COMMA = YES;
				CLANG_WARN_CONSTANT_CONVERSION = YES;
				CLANG_WARN_DIRECT_OBJC_ISA_USAGE = YES_ERROR;
				CLANG_WARN_DOCUMENTATION_COMMENTS = YES;
				CLANG_WARN_EMPTY_BODY = YES;
				CLANG_WARN_ENUM_CONVERSION = YES;
				CLANG_WARN_INFINITE_RECURSION = YES;
				CLANG_WARN_INT_CONVERSION = YES;
				CLANG_WARN_NON_LITERAL_NULL_CONVERSION = YES;
				CLANG_WARN_OBJC_LITERAL_CONVERSION = YES;
				CLANG_WARN_OBJC_ROOT_CLASS = YES_ERROR;
				CLANG_WARN_RANGE_LOOP_ANALYSIS = YES;
				CLANG_WARN_STRICT_PROTOTYPES = YES;
				CLANG_WARN_SUSPICIOUS_MOVE = YES;
				CLANG_WARN_UNGUARDED_AVAILABILITY = YES_AGGRESSIVE;
				CLANG_WARN_UNREACHABLE_CODE = YES;
				CLANG_WARN__DUPLICATE_METHOD_MATCH = YES;
				CODE_SIGN_IDENTITY = "Mac Developer";
				COPY_PHASE_STRIP = NO;
				DEBUG_INFORMATION_FORMAT = "dwarf-with-dsym";
				ENABLE_NS_ASSERTIONS = NO;
				ENABLE_STRICT_OBJC_MSGSEND = YES;
				GCC_C_LANGUAGE_STANDARD = gnu11;
				GCC_NO_COMMON_BLOCKS = YES;
				GCC_WARN_64_TO_32_BIT_CONVERSION = YES;
				GCC_WARN_ABOUT_RETURN_TYPE = YES_ERROR;
				GCC_WARN_UNDECLARED_SELECTOR = YES;
				GCC_WARN_UNINITIALIZED_AUTOS = YES_AGGRESSIVE;
				GCC_WARN_UNUSED_FUNCTION = YES;
				GCC_WARN_UNUSED_VARIABLE = YES;
				MACOSX_DEPLOYMENT_TARGET = 10.12;
				MTL_ENABLE_DEBUG_INFO = NO;
				SDKROOT = macosx;
				SWIFT_OPTIMIZATION_LEVEL = "-Owholemodule";
			};
			name = Release;
		};
		418577181F71C8CD00B78D78 /* Debug */ = {
			isa = XCBuildConfiguration;
			buildSettings = {
				ASSETCATALOG_COMPILER_APPICON_NAME = AppIcon;
				CODE_SIGN_ENTITLEMENTS = "Link-It/Link_It.entitlements";
				COMBINE_HIDPI_IMAGES = YES;
				DEVELOPMENT_TEAM = 56F54J4H3N;
				INFOPLIST_FILE = "Link-It/Info.plist";
				LD_RUNPATH_SEARCH_PATHS = "$(inherited) @executable_path/../Frameworks";
				PRODUCT_BUNDLE_IDENTIFIER = "com.vetDevHouse.Link-It";
				PRODUCT_NAME = "$(TARGET_NAME)";
				SWIFT_VERSION = 4.0;
			};
			name = Debug;
		};
		418577191F71C8CD00B78D78 /* Release */ = {
			isa = XCBuildConfiguration;
			buildSettings = {
				ASSETCATALOG_COMPILER_APPICON_NAME = AppIcon;
				CODE_SIGN_ENTITLEMENTS = "Link-It/Link_It.entitlements";
				COMBINE_HIDPI_IMAGES = YES;
				DEVELOPMENT_TEAM = 56F54J4H3N;
				INFOPLIST_FILE = "Link-It/Info.plist";
				LD_RUNPATH_SEARCH_PATHS = "$(inherited) @executable_path/../Frameworks";
				PRODUCT_BUNDLE_IDENTIFIER = "com.vetDevHouse.Link-It";
				PRODUCT_NAME = "$(TARGET_NAME)";
				SWIFT_VERSION = 4.0;
			};
			name = Release;
		};
/* End XCBuildConfiguration section */

/* Begin XCConfigurationList section */
		418577021F71C8CD00B78D78 /* Build configuration list for PBXProject "Link-It" */ = {
			isa = XCConfigurationList;
			buildConfigurations = (
				418577151F71C8CD00B78D78 /* Debug */,
				418577161F71C8CD00B78D78 /* Release */,
			);
			defaultConfigurationIsVisible = 0;
			defaultConfigurationName = Release;
		};
		418577171F71C8CD00B78D78 /* Build configuration list for PBXNativeTarget "Link-It" */ = {
			isa = XCConfigurationList;
			buildConfigurations = (
				418577181F71C8CD00B78D78 /* Debug */,
				418577191F71C8CD00B78D78 /* Release */,
			);
			defaultConfigurationIsVisible = 0;
			defaultConfigurationName = Release;
		};
/* End XCConfigurationList section */
	};
	rootObject = 418576FF1F71C8CD00B78D78 /* Project object */;
}
